
Microsoft Visual Studio Solution File, Format Version 12.00
# Visual Studio 15
VisualStudioVersion = 15.0.28307.572
MinimumVisualStudioVersion = 10.0.40219.1
Project("{9A19103F-16F7-4668-BE54-9A1E7A4F7556}") = "EFGetStarted.AspNetCore.ExistingDb", "EFGetStarted.AspNetCore.ExistingDb.csproj", "{163A0422-A4F1-41F9-AE1E-1EB9A956E77B}"
EndProject
Project("{9A19103F-16F7-4668-BE54-9A1E7A4F7556}") = "EFCoreDatabaseFirstSample", "..\EFCoreDatabaseFirstSample\EFCoreDatabaseFirstSample.csproj", "{780BEB16-C975-4148-8FB8-4D5DE3D14F9C}"
EndProject
Project("{FAE04EC0-301F-11D3-BF4B-00C04F79EFBC}") = "EFGetStarted.AspNetCore.ExistingDb.Tests", "..\EFGetStarted.AspNetCore.ExistingDb.Tests\EFGetStarted.AspNetCore.ExistingDb.Tests.csproj", "{C42C36D8-902D-42B0-803F-8178C4295FCB}"
EndProject
Global
	GlobalSection(SolutionConfigurationPlatforms) = preSolution
		Debug|Any CPU = Debug|Any CPU
		Release|Any CPU = Release|Any CPU
	EndGlobalSection
	GlobalSection(ProjectConfigurationPlatforms) = postSolution
		{163A0422-A4F1-41F9-AE1E-1EB9A956E77B}.Debug|Any CPU.ActiveCfg = Debug|Any CPU
		{163A0422-A4F1-41F9-AE1E-1EB9A956E77B}.Debug|Any CPU.Build.0 = Debug|Any CPU
		{163A0422-A4F1-41F9-AE1E-1EB9A956E77B}.Release|Any CPU.ActiveCfg = Release|Any CPU
		{163A0422-A4F1-41F9-AE1E-1EB9A956E77B}.Release|Any CPU.Build.0 = Release|Any CPU
		{780BEB16-C975-4148-8FB8-4D5DE3D14F9C}.Debug|Any CPU.ActiveCfg = Debug|Any CPU
		{780BEB16-C975-4148-8FB8-4D5DE3D14F9C}.Debug|Any CPU.Build.0 = Debug|Any CPU
		{780BEB16-C975-4148-8FB8-4D5DE3D14F9C}.Release|Any CPU.ActiveCfg = Release|Any CPU
		{780BEB16-C975-4148-8FB8-4D5DE3D14F9C}.Release|Any CPU.Build.0 = Release|Any CPU
		{C42C36D8-902D-42B0-803F-8178C4295FCB}.Debug|Any CPU.ActiveCfg = Debug|Any CPU
		{C42C36D8-902D-42B0-803F-8178C4295FCB}.Debug|Any CPU.Build.0 = Debug|Any CPU
		{C42C36D8-902D-42B0-803F-8178C4295FCB}.Release|Any CPU.ActiveCfg = Release|Any CPU
		{C42C36D8-902D-42B0-803F-8178C4295FCB}.Release|Any CPU.Build.0 = Release|Any CPU
	EndGlobalSection
	GlobalSection(SolutionProperties) = preSolution
		HideSolutionNode = FALSE
	EndGlobalSection
	GlobalSection(ExtensibilityGlobals) = postSolution
		SolutionGuid = {5F83480D-AF90-4A3E-83F4-99A78E8522F8}
	EndGlobalSection
EndGlobal
